
Microsoft Visual Studio Solution File, Format Version 12.00
# Visual Studio Version 17
VisualStudioVersion = 17.4.33205.214
MinimumVisualStudioVersion = 10.0.40219.1
Project("{9A19103F-16F7-4668-BE54-9A1E7A4F7556}") = "MagicVilla_VillaAPI", "MagicVilla_VillaAPI\MagicVilla_VillaAPI.csproj", "{5847BDF5-14F2-4CAD-9C68-DA7DBEDF8AB4}"
EndProject
Project("{FAE04EC0-301F-11D3-BF4B-00C04F79EFBC}") = "MagicVilla_Web", "MagicVilla_Web\MagicVilla_Web.csproj", "{6D7EE0D0-B591-426C-9E4D-D52739E8BFBB}"
EndProject
Project("{FAE04EC0-301F-11D3-BF4B-00C04F79EFBC}") = "MagicVilla_Utility", "MagicVilla_Utility\MagicVilla_Utility.csproj", "{FA200F85-E588-4FD1-A5C6-D7ACF3EF12DA}"
EndProject
Global
	GlobalSection(SolutionConfigurationPlatforms) = preSolution
		Debug|Any CPU = Debug|Any CPU
		Release|Any CPU = Release|Any CPU
	EndGlobalSection
	GlobalSection(ProjectConfigurationPlatforms) = postSolution
		{5847BDF5-14F2-4CAD-9C68-DA7DBEDF8AB4}.Debug|Any CPU.ActiveCfg = Debug|Any CPU
		{5847BDF5-14F2-4CAD-9C68-DA7DBEDF8AB4}.Debug|Any CPU.Build.0 = Debug|Any CPU
		{5847BDF5-14F2-4CAD-9C68-DA7DBEDF8AB4}.Release|Any CPU.ActiveCfg = Release|Any CPU
		{5847BDF5-14F2-4CAD-9C68-DA7DBEDF8AB4}.Release|Any CPU.Build.0 = Release|Any CPU
		{6D7EE0D0-B591-426C-9E4D-D52739E8BFBB}.Debug|Any CPU.ActiveCfg = Debug|Any CPU
		{6D7EE0D0-B591-426C-9E4D-D52739E8BFBB}.Debug|Any CPU.Build.0 = Debug|Any CPU
		{6D7EE0D0-B591-426C-9E4D-D52739E8BFBB}.Release|Any CPU.ActiveCfg = Release|Any CPU
		{6D7EE0D0-B591-426C-9E4D-D52739E8BFBB}.Release|Any CPU.Build.0 = Release|Any CPU
		{FA200F85-E588-4FD1-A5C6-D7ACF3EF12DA}.Debug|Any CPU.ActiveCfg = Debug|Any CPU
		{FA200F85-E588-4FD1-A5C6-D7ACF3EF12DA}.Debug|Any CPU.Build.0 = Debug|Any CPU
		{FA200F85-E588-4FD1-A5C6-D7ACF3EF12DA}.Release|Any CPU.ActiveCfg = Release|Any CPU
		{FA200F85-E588-4FD1-A5C6-D7ACF3EF12DA}.Release|Any CPU.Build.0 = Release|Any CPU
	EndGlobalSection
	GlobalSection(SolutionProperties) = preSolution
		HideSolutionNode = FALSE
	EndGlobalSection
	GlobalSection(ExtensibilityGlobals) = postSolution
		SolutionGuid = {2D118AF9-C41E-43C0-9F18-CE3F725C98F1}
	EndGlobalSection
EndGlobal
